
Microsoft Visual Studio Solution File, Format Version 12.00
# Visual Studio Version 17
VisualStudioVersion = 17.7.34031.279
MinimumVisualStudioVersion = 10.0.40219.1
Project("{FAE04EC0-301F-11D3-BF4B-00C04F79EFBC}") = "GuillermoAlvarez_Examen1P", "GuillermoAlvarez_Examen1P.csproj", "{4E39446A-285A-4879-82E5-FA932A2F49D2}"
EndProject
Global
	GlobalSection(SolutionConfigurationPlatforms) = preSolution
		Debug|Any CPU = Debug|Any CPU
		Release|Any CPU = Release|Any CPU
	EndGlobalSection
	GlobalSection(ProjectConfigurationPlatforms) = postSolution
		{4E39446A-285A-4879-82E5-FA932A2F49D2}.Debug|Any CPU.ActiveCfg = Debug|Any CPU
		{4E39446A-285A-4879-82E5-FA932A2F49D2}.Debug|Any CPU.Build.0 = Debug|Any CPU
		{4E39446A-285A-4879-82E5-FA932A2F49D2}.Release|Any CPU.ActiveCfg = Release|Any CPU
		{4E39446A-285A-4879-82E5-FA932A2F49D2}.Release|Any CPU.Build.0 = Release|Any CPU
	EndGlobalSection
	GlobalSection(SolutionProperties) = preSolution
		HideSolutionNode = FALSE
	EndGlobalSection
	GlobalSection(ExtensibilityGlobals) = postSolution
		SolutionGuid = {90191845-9A48-438E-9173-7ED1D1CEB70F}
	EndGlobalSection
EndGlobal
